# This file is generated by running "yarn install" inside your project.
# Manual changes might be lost - proceed with caution!

__metadata:
  version: 6
  cacheKey: 8

"@dqbd/tiktoken@npm:*":
  version: 1.0.7
  resolution: "@dqbd/tiktoken@npm:1.0.7"
  checksum: 81049797dcffa101c57b68a78be19b11958edf6e6cfffab7ccd3ec2e5290e3b27bc25f1060a1c34e1cb94f22e0f46d9aafa925d383fb4559738b644aa01c0fb1
  languageName: node
  linkType: hard

"@esbuild/android-arm64@npm:0.17.19":
  version: 0.17.19
  resolution: "@esbuild/android-arm64@npm:0.17.19"
  conditions: os=android & cpu=arm64
  languageName: node
  linkType: hard

"@esbuild/android-arm@npm:0.17.19":
  version: 0.17.19
  resolution: "@esbuild/android-arm@npm:0.17.19"
  conditions: os=android & cpu=arm
  languageName: node
  linkType: hard

"@esbuild/android-x64@npm:0.17.19":
  version: 0.17.19
  resolution: "@esbuild/android-x64@npm:0.17.19"
  conditions: os=android & cpu=x64
  languageName: node
  linkType: hard

"@esbuild/darwin-arm64@npm:*":
  version: 0.18.6
  resolution: "@esbuild/darwin-arm64@npm:0.18.6"
  checksum: 50671ca9bc49409aaa55243f95a9230fb998aea11a562057c7b1b69a54c8c555065b9ca28bffd3f86d29adc0761dffca1b29da6f52e8fd453b97c837f2d533c1
  conditions: os=darwin & cpu=arm64
  languageName: node
  linkType: hard

"@esbuild/darwin-arm64@npm:0.17.19":
  version: 0.17.19
  resolution: "@esbuild/darwin-arm64@npm:0.17.19"
  conditions: os=darwin & cpu=arm64
  languageName: node
  linkType: hard

"@esbuild/darwin-x64@npm:*":
  version: 0.18.6
  resolution: "@esbuild/darwin-x64@npm:0.18.6"
  checksum: 968a7cce3be7730e69dcfa86c418e40b1250f0ef4434e778bf44c7a5b79a1924ffe487f73d089ecb629e2fe46607142cba9f46499626c72c9c3795087003012c
  conditions: os=darwin & cpu=x64
  languageName: node
  linkType: hard

"@esbuild/darwin-x64@npm:0.17.19":
  version: 0.17.19
  resolution: "@esbuild/darwin-x64@npm:0.17.19"
  conditions: os=darwin & cpu=x64
  languageName: node
  linkType: hard

"@esbuild/freebsd-arm64@npm:0.17.19":
  version: 0.17.19
  resolution: "@esbuild/freebsd-arm64@npm:0.17.19"
  conditions: os=freebsd & cpu=arm64
  languageName: node
  linkType: hard

"@esbuild/freebsd-x64@npm:0.17.19":
  version: 0.17.19
  resolution: "@esbuild/freebsd-x64@npm:0.17.19"
  conditions: os=freebsd & cpu=x64
  languageName: node
  linkType: hard

"@esbuild/linux-arm64@npm:*":
  version: 0.18.6
  resolution: "@esbuild/linux-arm64@npm:0.18.6"
  checksum: 875dc47959c0a984edccf999667f4fbc9c852982e536b8bf6dd0867e42b2138ce923cab5afe820f2ae3b057b95c24d2e4cf5429518776b111ada561de221be50
  conditions: os=linux & cpu=arm64
  languageName: node
  linkType: hard

"@esbuild/linux-arm64@npm:0.17.19":
  version: 0.17.19
  resolution: "@esbuild/linux-arm64@npm:0.17.19"
  conditions: os=linux & cpu=arm64
  languageName: node
  linkType: hard

"@esbuild/linux-arm@npm:0.17.19":
  version: 0.17.19
  resolution: "@esbuild/linux-arm@npm:0.17.19"
  conditions: os=linux & cpu=arm
  languageName: node
  linkType: hard

"@esbuild/linux-ia32@npm:0.17.19":
  version: 0.17.19
  resolution: "@esbuild/linux-ia32@npm:0.17.19"
  conditions: os=linux & cpu=ia32
  languageName: node
  linkType: hard

"@esbuild/linux-loong64@npm:0.17.19":
  version: 0.17.19
  resolution: "@esbuild/linux-loong64@npm:0.17.19"
  conditions: os=linux & cpu=loong64
  languageName: node
  linkType: hard

"@esbuild/linux-mips64el@npm:0.17.19":
  version: 0.17.19
  resolution: "@esbuild/linux-mips64el@npm:0.17.19"
  conditions: os=linux & cpu=mips64el
  languageName: node
  linkType: hard

"@esbuild/linux-ppc64@npm:0.17.19":
  version: 0.17.19
  resolution: "@esbuild/linux-ppc64@npm:0.17.19"
  conditions: os=linux & cpu=ppc64
  languageName: node
  linkType: hard

"@esbuild/linux-riscv64@npm:0.17.19":
  version: 0.17.19
  resolution: "@esbuild/linux-riscv64@npm:0.17.19"
  conditions: os=linux & cpu=riscv64
  languageName: node
  linkType: hard

"@esbuild/linux-s390x@npm:0.17.19":
  version: 0.17.19
  resolution: "@esbuild/linux-s390x@npm:0.17.19"
  conditions: os=linux & cpu=s390x
  languageName: node
  linkType: hard

"@esbuild/linux-x64@npm:*":
  version: 0.18.6
  resolution: "@esbuild/linux-x64@npm:0.18.6"
  checksum: a69e0f3d9d627f273e474f1cf89daa22b9351b1720e3fbdc2125c90e74ecf864dcc3e03acfd278396e672d2364b4f6e7f95a895768545058d5c1002c4b34be4e
  conditions: os=linux & cpu=x64
  languageName: node
  linkType: hard

"@esbuild/linux-x64@npm:0.17.19":
  version: 0.17.19
  resolution: "@esbuild/linux-x64@npm:0.17.19"
  conditions: os=linux & cpu=x64
  languageName: node
  linkType: hard

"@esbuild/netbsd-x64@npm:0.17.19":
  version: 0.17.19
  resolution: "@esbuild/netbsd-x64@npm:0.17.19"
  conditions: os=netbsd & cpu=x64
  languageName: node
  linkType: hard

"@esbuild/openbsd-x64@npm:0.17.19":
  version: 0.17.19
  resolution: "@esbuild/openbsd-x64@npm:0.17.19"
  conditions: os=openbsd & cpu=x64
  languageName: node
  linkType: hard

"@esbuild/sunos-x64@npm:0.17.19":
  version: 0.17.19
  resolution: "@esbuild/sunos-x64@npm:0.17.19"
  conditions: os=sunos & cpu=x64
  languageName: node
  linkType: hard

"@esbuild/win32-arm64@npm:*":
  version: 0.18.6
  resolution: "@esbuild/win32-arm64@npm:0.18.6"
  checksum: 5c3a4d3d923c1e45c18e396f9da831deb0d60315c1e641fdadc719e47f1edb395f8ebd7d7c2198d7730b9cfb614d0e3fc2bc5e08afb20802b9a054370aaf15b1
  conditions: os=win32 & cpu=arm64
  languageName: node
  linkType: hard

"@esbuild/win32-arm64@npm:0.17.19":
  version: 0.17.19
  resolution: "@esbuild/win32-arm64@npm:0.17.19"
  conditions: os=win32 & cpu=arm64
  languageName: node
  linkType: hard

"@esbuild/win32-ia32@npm:0.17.19":
  version: 0.17.19
  resolution: "@esbuild/win32-ia32@npm:0.17.19"
  conditions: os=win32 & cpu=ia32
  languageName: node
  linkType: hard

"@esbuild/win32-x64@npm:*":
  version: 0.18.6
  resolution: "@esbuild/win32-x64@npm:0.18.6"
  checksum: 2a05c6a33daaf39692280f99539a2f39e71ae1a09260d078af75978a839d6d48841e060246cf36010ea0fcc6e74b8930d7d121f5f08cf174bdd748a2aefa2aea
  conditions: os=win32 & cpu=x64
  languageName: node
  linkType: hard

"@esbuild/win32-x64@npm:0.17.19":
  version: 0.17.19
  resolution: "@esbuild/win32-x64@npm:0.17.19"
  conditions: os=win32 & cpu=x64
  languageName: node
  linkType: hard

"@glass-lang/glasslib@npm:*":
  version: 0.0.31
  resolution: "@glass-lang/glasslib@npm:0.0.31"
  checksum: e4989294afe185c032c09da43528c2f0934d3b2a3e51ef6a5cb7d3573b7445125e0a1857d1e6cb34209bff3858638a98ff2bd9a86d323ea935bc09352e3b400f
  languageName: node
  linkType: hard

"esbuild@npm:^0.17.19":
  version: 0.17.19
  resolution: "esbuild@npm:0.17.19"
  dependencies:
    "@esbuild/android-arm": 0.17.19
    "@esbuild/android-arm64": 0.17.19
    "@esbuild/android-x64": 0.17.19
    "@esbuild/darwin-arm64": 0.17.19
    "@esbuild/darwin-x64": 0.17.19
    "@esbuild/freebsd-arm64": 0.17.19
    "@esbuild/freebsd-x64": 0.17.19
    "@esbuild/linux-arm": 0.17.19
    "@esbuild/linux-arm64": 0.17.19
    "@esbuild/linux-ia32": 0.17.19
    "@esbuild/linux-loong64": 0.17.19
    "@esbuild/linux-mips64el": 0.17.19
    "@esbuild/linux-ppc64": 0.17.19
    "@esbuild/linux-riscv64": 0.17.19
    "@esbuild/linux-s390x": 0.17.19
    "@esbuild/linux-x64": 0.17.19
    "@esbuild/netbsd-x64": 0.17.19
    "@esbuild/openbsd-x64": 0.17.19
    "@esbuild/sunos-x64": 0.17.19
    "@esbuild/win32-arm64": 0.17.19
    "@esbuild/win32-ia32": 0.17.19
    "@esbuild/win32-x64": 0.17.19
  dependenciesMeta:
    "@esbuild/android-arm":
      optional: true
    "@esbuild/android-arm64":
      optional: true
    "@esbuild/android-x64":
      optional: true
    "@esbuild/darwin-arm64":
      optional: true
    "@esbuild/darwin-x64":
      optional: true
    "@esbuild/freebsd-arm64":
      optional: true
    "@esbuild/freebsd-x64":
      optional: true
    "@esbuild/linux-arm":
      optional: true
    "@esbuild/linux-arm64":
      optional: true
    "@esbuild/linux-ia32":
      optional: true
    "@esbuild/linux-loong64":
      optional: true
    "@esbuild/linux-mips64el":
      optional: true
    "@esbuild/linux-ppc64":
      optional: true
    "@esbuild/linux-riscv64":
      optional: true
    "@esbuild/linux-s390x":
      optional: true
    "@esbuild/linux-x64":
      optional: true
    "@esbuild/netbsd-x64":
      optional: true
    "@esbuild/openbsd-x64":
      optional: true
    "@esbuild/sunos-x64":
      optional: true
    "@esbuild/win32-arm64":
      optional: true
    "@esbuild/win32-ia32":
      optional: true
    "@esbuild/win32-x64":
      optional: true
  bin:
    esbuild: bin/esbuild
  checksum: ac11b1a5a6008e4e37ccffbd6c2c054746fc58d0ed4a2f9ee643bd030cfcea9a33a235087bc777def8420f2eaafb3486e76adb7bdb7241a9143b43a69a10afd8
  languageName: node
  linkType: hard

"vscode-glass@workspace:.":
  version: 0.0.0-use.local
  resolution: "vscode-glass@workspace:."
  dependencies:
    "@dqbd/tiktoken": "*"
    "@glass-lang/glasslib": "*"
    esbuild: ^0.17.19
  languageName: unknown
  linkType: soft
