# This file is generated by running "yarn install" inside your project.
# Manual changes might be lost - proceed with caution!

__metadata:
  version: 6
  cacheKey: 8

"@dqbd/tiktoken@npm:*":
  version: 1.0.7
  resolution: "@dqbd/tiktoken@npm:1.0.7"
  checksum: 81049797dcffa101c57b68a78be19b11958edf6e6cfffab7ccd3ec2e5290e3b27bc25f1060a1c34e1cb94f22e0f46d9aafa925d383fb4559738b644aa01c0fb1
  languageName: node
  linkType: hard

"@esbuild/android-arm64@npm:0.17.19":
  version: 0.17.19
  resolution: "@esbuild/android-arm64@npm:0.17.19"
  conditions: os=android & cpu=arm64
  languageName: node
  linkType: hard

"@esbuild/android-arm@npm:0.17.19":
  version: 0.17.19
  resolution: "@esbuild/android-arm@npm:0.17.19"
  conditions: os=android & cpu=arm
  languageName: node
  linkType: hard

"@esbuild/android-x64@npm:0.17.19":
  version: 0.17.19
  resolution: "@esbuild/android-x64@npm:0.17.19"
  conditions: os=android & cpu=x64
  languageName: node
  linkType: hard

"@esbuild/darwin-arm64@npm:*":
  version: 0.18.2
  resolution: "@esbuild/darwin-arm64@npm:0.18.2"
  checksum: 1d6a35ed82fa9f4490cf881e3ba5e7a78fb601d19cbbd03b3760c52600ac8d13e96ef1793f910865f45abf4dc38645e1d16ecc8ed8a1ab8b9a72e05e80f3cb7a
  conditions: os=darwin & cpu=arm64
  languageName: node
  linkType: hard

"@esbuild/darwin-arm64@npm:0.17.19":
  version: 0.17.19
  resolution: "@esbuild/darwin-arm64@npm:0.17.19"
  conditions: os=darwin & cpu=arm64
  languageName: node
  linkType: hard

"@esbuild/darwin-x64@npm:*":
  version: 0.18.2
  resolution: "@esbuild/darwin-x64@npm:0.18.2"
  checksum: c28a9fe9f0c1a953edb2af549cdf1811a466263ae56979729d2bc87fb3166379d95ddb7e7a48bb6e99c421635c295b5a889cb23f42c1639784af5d2fc5359cc8
  conditions: os=darwin & cpu=x64
  languageName: node
  linkType: hard

"@esbuild/darwin-x64@npm:0.17.19":
  version: 0.17.19
  resolution: "@esbuild/darwin-x64@npm:0.17.19"
  conditions: os=darwin & cpu=x64
  languageName: node
  linkType: hard

"@esbuild/freebsd-arm64@npm:0.17.19":
  version: 0.17.19
  resolution: "@esbuild/freebsd-arm64@npm:0.17.19"
  conditions: os=freebsd & cpu=arm64
  languageName: node
  linkType: hard

"@esbuild/freebsd-x64@npm:0.17.19":
  version: 0.17.19
  resolution: "@esbuild/freebsd-x64@npm:0.17.19"
  conditions: os=freebsd & cpu=x64
  languageName: node
  linkType: hard

"@esbuild/linux-arm64@npm:*":
  version: 0.18.2
  resolution: "@esbuild/linux-arm64@npm:0.18.2"
  checksum: f5c907d7d4e5734a746977882e963e3c264c5a07e4d38f46583c0c31be3d08af5ada2e227c4378674027a19c7f84c83b00be39e88c77cf2e0b6125f8228fc007
  conditions: os=linux & cpu=arm64
  languageName: node
  linkType: hard

"@esbuild/linux-arm64@npm:0.17.19":
  version: 0.17.19
  resolution: "@esbuild/linux-arm64@npm:0.17.19"
  conditions: os=linux & cpu=arm64
  languageName: node
  linkType: hard

"@esbuild/linux-arm@npm:0.17.19":
  version: 0.17.19
  resolution: "@esbuild/linux-arm@npm:0.17.19"
  conditions: os=linux & cpu=arm
  languageName: node
  linkType: hard

"@esbuild/linux-ia32@npm:0.17.19":
  version: 0.17.19
  resolution: "@esbuild/linux-ia32@npm:0.17.19"
  conditions: os=linux & cpu=ia32
  languageName: node
  linkType: hard

"@esbuild/linux-loong64@npm:0.17.19":
  version: 0.17.19
  resolution: "@esbuild/linux-loong64@npm:0.17.19"
  conditions: os=linux & cpu=loong64
  languageName: node
  linkType: hard

"@esbuild/linux-mips64el@npm:0.17.19":
  version: 0.17.19
  resolution: "@esbuild/linux-mips64el@npm:0.17.19"
  conditions: os=linux & cpu=mips64el
  languageName: node
  linkType: hard

"@esbuild/linux-ppc64@npm:0.17.19":
  version: 0.17.19
  resolution: "@esbuild/linux-ppc64@npm:0.17.19"
  conditions: os=linux & cpu=ppc64
  languageName: node
  linkType: hard

"@esbuild/linux-riscv64@npm:0.17.19":
  version: 0.17.19
  resolution: "@esbuild/linux-riscv64@npm:0.17.19"
  conditions: os=linux & cpu=riscv64
  languageName: node
  linkType: hard

"@esbuild/linux-s390x@npm:0.17.19":
  version: 0.17.19
  resolution: "@esbuild/linux-s390x@npm:0.17.19"
  conditions: os=linux & cpu=s390x
  languageName: node
  linkType: hard

"@esbuild/linux-x64@npm:*":
  version: 0.18.2
  resolution: "@esbuild/linux-x64@npm:0.18.2"
  checksum: 536a50ab5d25110371f2caf2a423377839386089a90bdfc5041c9b8e8253f0bc93eff8b143fbf85030d1f28a53b5a355069febebf1710964b4b5d74db488d2b0
  conditions: os=linux & cpu=x64
  languageName: node
  linkType: hard

"@esbuild/linux-x64@npm:0.17.19":
  version: 0.17.19
  resolution: "@esbuild/linux-x64@npm:0.17.19"
  conditions: os=linux & cpu=x64
  languageName: node
  linkType: hard

"@esbuild/netbsd-x64@npm:0.17.19":
  version: 0.17.19
  resolution: "@esbuild/netbsd-x64@npm:0.17.19"
  conditions: os=netbsd & cpu=x64
  languageName: node
  linkType: hard

"@esbuild/openbsd-x64@npm:0.17.19":
  version: 0.17.19
  resolution: "@esbuild/openbsd-x64@npm:0.17.19"
  conditions: os=openbsd & cpu=x64
  languageName: node
  linkType: hard

"@esbuild/sunos-x64@npm:0.17.19":
  version: 0.17.19
  resolution: "@esbuild/sunos-x64@npm:0.17.19"
  conditions: os=sunos & cpu=x64
  languageName: node
  linkType: hard

"@esbuild/win32-arm64@npm:*":
  version: 0.18.2
  resolution: "@esbuild/win32-arm64@npm:0.18.2"
  checksum: 51e6d58eb6001590d697b42f11e7a6a12197f5c58d89f52a6795cefbf5f3fe94e2281f1b473e1b79c14ea200b838fbd2359901a106792a712489188c68c016c3
  conditions: os=win32 & cpu=arm64
  languageName: node
  linkType: hard

"@esbuild/win32-arm64@npm:0.17.19":
  version: 0.17.19
  resolution: "@esbuild/win32-arm64@npm:0.17.19"
  conditions: os=win32 & cpu=arm64
  languageName: node
  linkType: hard

"@esbuild/win32-ia32@npm:0.17.19":
  version: 0.17.19
  resolution: "@esbuild/win32-ia32@npm:0.17.19"
  conditions: os=win32 & cpu=ia32
  languageName: node
  linkType: hard

"@esbuild/win32-x64@npm:*":
  version: 0.18.2
  resolution: "@esbuild/win32-x64@npm:0.18.2"
  checksum: 2efe80d33443a25a4bfd571548ef8f03b998dbb8e8da33c410a4c70594b06394f1ed96c9d727fadd2dbc49185d6138280bea19e4c1c2c28935d939eb39d31184
  conditions: os=win32 & cpu=x64
  languageName: node
  linkType: hard

"@esbuild/win32-x64@npm:0.17.19":
  version: 0.17.19
  resolution: "@esbuild/win32-x64@npm:0.17.19"
  conditions: os=win32 & cpu=x64
  languageName: node
  linkType: hard

"@glass-lang/glasslib@npm:*":
  version: 0.0.16
  resolution: "@glass-lang/glasslib@npm:0.0.16"
  checksum: a2c6894492104590c31f5077500dc12e13344ab74f889c6dbd9369deb9943f6466cbf0fba43e5d922df7500e5982dd9b10da303103e78abf231d83a4c0fb87f5
  languageName: node
  linkType: hard

"esbuild@npm:^0.17.19":
  version: 0.17.19
  resolution: "esbuild@npm:0.17.19"
  dependencies:
    "@esbuild/android-arm": 0.17.19
    "@esbuild/android-arm64": 0.17.19
    "@esbuild/android-x64": 0.17.19
    "@esbuild/darwin-arm64": 0.17.19
    "@esbuild/darwin-x64": 0.17.19
    "@esbuild/freebsd-arm64": 0.17.19
    "@esbuild/freebsd-x64": 0.17.19
    "@esbuild/linux-arm": 0.17.19
    "@esbuild/linux-arm64": 0.17.19
    "@esbuild/linux-ia32": 0.17.19
    "@esbuild/linux-loong64": 0.17.19
    "@esbuild/linux-mips64el": 0.17.19
    "@esbuild/linux-ppc64": 0.17.19
    "@esbuild/linux-riscv64": 0.17.19
    "@esbuild/linux-s390x": 0.17.19
    "@esbuild/linux-x64": 0.17.19
    "@esbuild/netbsd-x64": 0.17.19
    "@esbuild/openbsd-x64": 0.17.19
    "@esbuild/sunos-x64": 0.17.19
    "@esbuild/win32-arm64": 0.17.19
    "@esbuild/win32-ia32": 0.17.19
    "@esbuild/win32-x64": 0.17.19
  dependenciesMeta:
    "@esbuild/android-arm":
      optional: true
    "@esbuild/android-arm64":
      optional: true
    "@esbuild/android-x64":
      optional: true
    "@esbuild/darwin-arm64":
      optional: true
    "@esbuild/darwin-x64":
      optional: true
    "@esbuild/freebsd-arm64":
      optional: true
    "@esbuild/freebsd-x64":
      optional: true
    "@esbuild/linux-arm":
      optional: true
    "@esbuild/linux-arm64":
      optional: true
    "@esbuild/linux-ia32":
      optional: true
    "@esbuild/linux-loong64":
      optional: true
    "@esbuild/linux-mips64el":
      optional: true
    "@esbuild/linux-ppc64":
      optional: true
    "@esbuild/linux-riscv64":
      optional: true
    "@esbuild/linux-s390x":
      optional: true
    "@esbuild/linux-x64":
      optional: true
    "@esbuild/netbsd-x64":
      optional: true
    "@esbuild/openbsd-x64":
      optional: true
    "@esbuild/sunos-x64":
      optional: true
    "@esbuild/win32-arm64":
      optional: true
    "@esbuild/win32-ia32":
      optional: true
    "@esbuild/win32-x64":
      optional: true
  bin:
    esbuild: bin/esbuild
  checksum: ac11b1a5a6008e4e37ccffbd6c2c054746fc58d0ed4a2f9ee643bd030cfcea9a33a235087bc777def8420f2eaafb3486e76adb7bdb7241a9143b43a69a10afd8
  languageName: node
  linkType: hard

"vscode-glass@workspace:.":
  version: 0.0.0-use.local
  resolution: "vscode-glass@workspace:."
  dependencies:
    "@dqbd/tiktoken": "*"
    "@glass-lang/glasslib": "*"
    esbuild: ^0.17.19
  languageName: unknown
  linkType: soft
