# This file is generated by running "yarn install" inside your project.
# Manual changes might be lost - proceed with caution!

__metadata:
  version: 6
  cacheKey: 8

"@dqbd/tiktoken@npm:*":
  version: 1.0.7
  resolution: "@dqbd/tiktoken@npm:1.0.7"
  checksum: 81049797dcffa101c57b68a78be19b11958edf6e6cfffab7ccd3ec2e5290e3b27bc25f1060a1c34e1cb94f22e0f46d9aafa925d383fb4559738b644aa01c0fb1
  languageName: node
  linkType: hard

"@esbuild/android-arm64@npm:0.17.19":
  version: 0.17.19
  resolution: "@esbuild/android-arm64@npm:0.17.19"
  conditions: os=android & cpu=arm64
  languageName: node
  linkType: hard

"@esbuild/android-arm@npm:0.17.19":
  version: 0.17.19
  resolution: "@esbuild/android-arm@npm:0.17.19"
  conditions: os=android & cpu=arm
  languageName: node
  linkType: hard

"@esbuild/android-x64@npm:0.17.19":
  version: 0.17.19
  resolution: "@esbuild/android-x64@npm:0.17.19"
  conditions: os=android & cpu=x64
  languageName: node
  linkType: hard

"@esbuild/darwin-arm64@npm:*":
  version: 0.18.4
  resolution: "@esbuild/darwin-arm64@npm:0.18.4"
  checksum: 0467c2de3fee53f9089dbfa406bc45049667f5abf1c4f0721cadbd1f8066da8be945860c7ae2817513a4f39472e94f433f36fdf4e69392c47a29d23c0d68ba9d
  conditions: os=darwin & cpu=arm64
  languageName: node
  linkType: hard

"@esbuild/darwin-arm64@npm:0.17.19":
  version: 0.17.19
  resolution: "@esbuild/darwin-arm64@npm:0.17.19"
  conditions: os=darwin & cpu=arm64
  languageName: node
  linkType: hard

"@esbuild/darwin-x64@npm:*":
  version: 0.18.4
  resolution: "@esbuild/darwin-x64@npm:0.18.4"
  checksum: a45cb01e19c2eacd0ae05972ada14f89209415a82465006d7a5278eaed0e4f8da888d8c96399f020681e73b07b9e28f69f1ef6d29f4d02c9ef14fad68492a240
  conditions: os=darwin & cpu=x64
  languageName: node
  linkType: hard

"@esbuild/darwin-x64@npm:0.17.19":
  version: 0.17.19
  resolution: "@esbuild/darwin-x64@npm:0.17.19"
  conditions: os=darwin & cpu=x64
  languageName: node
  linkType: hard

"@esbuild/freebsd-arm64@npm:0.17.19":
  version: 0.17.19
  resolution: "@esbuild/freebsd-arm64@npm:0.17.19"
  conditions: os=freebsd & cpu=arm64
  languageName: node
  linkType: hard

"@esbuild/freebsd-x64@npm:0.17.19":
  version: 0.17.19
  resolution: "@esbuild/freebsd-x64@npm:0.17.19"
  conditions: os=freebsd & cpu=x64
  languageName: node
  linkType: hard

"@esbuild/linux-arm64@npm:*":
  version: 0.18.4
  resolution: "@esbuild/linux-arm64@npm:0.18.4"
  checksum: e22f1b42ae003e03601e2b9c075869ce4a7bf5c07cebfd801641dde546ec46e269f7ef0b6b32f048f320cbe4c79458db0de3593b21993c523bbe1d2269ec87a8
  conditions: os=linux & cpu=arm64
  languageName: node
  linkType: hard

"@esbuild/linux-arm64@npm:0.17.19":
  version: 0.17.19
  resolution: "@esbuild/linux-arm64@npm:0.17.19"
  conditions: os=linux & cpu=arm64
  languageName: node
  linkType: hard

"@esbuild/linux-arm@npm:0.17.19":
  version: 0.17.19
  resolution: "@esbuild/linux-arm@npm:0.17.19"
  conditions: os=linux & cpu=arm
  languageName: node
  linkType: hard

"@esbuild/linux-ia32@npm:0.17.19":
  version: 0.17.19
  resolution: "@esbuild/linux-ia32@npm:0.17.19"
  conditions: os=linux & cpu=ia32
  languageName: node
  linkType: hard

"@esbuild/linux-loong64@npm:0.17.19":
  version: 0.17.19
  resolution: "@esbuild/linux-loong64@npm:0.17.19"
  conditions: os=linux & cpu=loong64
  languageName: node
  linkType: hard

"@esbuild/linux-mips64el@npm:0.17.19":
  version: 0.17.19
  resolution: "@esbuild/linux-mips64el@npm:0.17.19"
  conditions: os=linux & cpu=mips64el
  languageName: node
  linkType: hard

"@esbuild/linux-ppc64@npm:0.17.19":
  version: 0.17.19
  resolution: "@esbuild/linux-ppc64@npm:0.17.19"
  conditions: os=linux & cpu=ppc64
  languageName: node
  linkType: hard

"@esbuild/linux-riscv64@npm:0.17.19":
  version: 0.17.19
  resolution: "@esbuild/linux-riscv64@npm:0.17.19"
  conditions: os=linux & cpu=riscv64
  languageName: node
  linkType: hard

"@esbuild/linux-s390x@npm:0.17.19":
  version: 0.17.19
  resolution: "@esbuild/linux-s390x@npm:0.17.19"
  conditions: os=linux & cpu=s390x
  languageName: node
  linkType: hard

"@esbuild/linux-x64@npm:*":
  version: 0.18.4
  resolution: "@esbuild/linux-x64@npm:0.18.4"
  checksum: 63332adb0e6f40ad21f4243f5d6a3d9dcf7ac126832e454fbbf8e48b2b88915f02c9a72d1b2652dbcdb13777b0e39df7f2bc1e759844d696ccd8a2357bb0b470
  conditions: os=linux & cpu=x64
  languageName: node
  linkType: hard

"@esbuild/linux-x64@npm:0.17.19":
  version: 0.17.19
  resolution: "@esbuild/linux-x64@npm:0.17.19"
  conditions: os=linux & cpu=x64
  languageName: node
  linkType: hard

"@esbuild/netbsd-x64@npm:0.17.19":
  version: 0.17.19
  resolution: "@esbuild/netbsd-x64@npm:0.17.19"
  conditions: os=netbsd & cpu=x64
  languageName: node
  linkType: hard

"@esbuild/openbsd-x64@npm:0.17.19":
  version: 0.17.19
  resolution: "@esbuild/openbsd-x64@npm:0.17.19"
  conditions: os=openbsd & cpu=x64
  languageName: node
  linkType: hard

"@esbuild/sunos-x64@npm:0.17.19":
  version: 0.17.19
  resolution: "@esbuild/sunos-x64@npm:0.17.19"
  conditions: os=sunos & cpu=x64
  languageName: node
  linkType: hard

"@esbuild/win32-arm64@npm:*":
  version: 0.18.4
  resolution: "@esbuild/win32-arm64@npm:0.18.4"
  checksum: ea43408af7209d40ef546527b585b7e14d355b3234fac9fefa84e27cb83776b704bd715ef02335a33fb0f350bd0b69ca49b81331241e1debe569e0a2a39183dc
  conditions: os=win32 & cpu=arm64
  languageName: node
  linkType: hard

"@esbuild/win32-arm64@npm:0.17.19":
  version: 0.17.19
  resolution: "@esbuild/win32-arm64@npm:0.17.19"
  conditions: os=win32 & cpu=arm64
  languageName: node
  linkType: hard

"@esbuild/win32-ia32@npm:0.17.19":
  version: 0.17.19
  resolution: "@esbuild/win32-ia32@npm:0.17.19"
  conditions: os=win32 & cpu=ia32
  languageName: node
  linkType: hard

"@esbuild/win32-x64@npm:*":
  version: 0.18.4
  resolution: "@esbuild/win32-x64@npm:0.18.4"
  checksum: 569ef482c6582b3dd3e79140a9d5b12cf57aa77a8aaa8d96c2481153f7becb185af8d411edcd915fdc00ef8e9ff29a0278a279ef09e2383c568adbab4c8949a9
  conditions: os=win32 & cpu=x64
  languageName: node
  linkType: hard

"@esbuild/win32-x64@npm:0.17.19":
  version: 0.17.19
  resolution: "@esbuild/win32-x64@npm:0.17.19"
  conditions: os=win32 & cpu=x64
  languageName: node
  linkType: hard

"@glass-lang/glasslib@npm:*":
  version: 0.0.25
  resolution: "@glass-lang/glasslib@npm:0.0.25"
  checksum: 7756cef17d363cc0e5293b1edb9ab51ced5fe65680dfac33774930b52ea0eba34ec65db7a9b5c808a0a4eb3c9777930d8b9e8c3f8fba6db6ad8c205c8e7a49f7
  languageName: node
  linkType: hard

"esbuild@npm:^0.17.19":
  version: 0.17.19
  resolution: "esbuild@npm:0.17.19"
  dependencies:
    "@esbuild/android-arm": 0.17.19
    "@esbuild/android-arm64": 0.17.19
    "@esbuild/android-x64": 0.17.19
    "@esbuild/darwin-arm64": 0.17.19
    "@esbuild/darwin-x64": 0.17.19
    "@esbuild/freebsd-arm64": 0.17.19
    "@esbuild/freebsd-x64": 0.17.19
    "@esbuild/linux-arm": 0.17.19
    "@esbuild/linux-arm64": 0.17.19
    "@esbuild/linux-ia32": 0.17.19
    "@esbuild/linux-loong64": 0.17.19
    "@esbuild/linux-mips64el": 0.17.19
    "@esbuild/linux-ppc64": 0.17.19
    "@esbuild/linux-riscv64": 0.17.19
    "@esbuild/linux-s390x": 0.17.19
    "@esbuild/linux-x64": 0.17.19
    "@esbuild/netbsd-x64": 0.17.19
    "@esbuild/openbsd-x64": 0.17.19
    "@esbuild/sunos-x64": 0.17.19
    "@esbuild/win32-arm64": 0.17.19
    "@esbuild/win32-ia32": 0.17.19
    "@esbuild/win32-x64": 0.17.19
  dependenciesMeta:
    "@esbuild/android-arm":
      optional: true
    "@esbuild/android-arm64":
      optional: true
    "@esbuild/android-x64":
      optional: true
    "@esbuild/darwin-arm64":
      optional: true
    "@esbuild/darwin-x64":
      optional: true
    "@esbuild/freebsd-arm64":
      optional: true
    "@esbuild/freebsd-x64":
      optional: true
    "@esbuild/linux-arm":
      optional: true
    "@esbuild/linux-arm64":
      optional: true
    "@esbuild/linux-ia32":
      optional: true
    "@esbuild/linux-loong64":
      optional: true
    "@esbuild/linux-mips64el":
      optional: true
    "@esbuild/linux-ppc64":
      optional: true
    "@esbuild/linux-riscv64":
      optional: true
    "@esbuild/linux-s390x":
      optional: true
    "@esbuild/linux-x64":
      optional: true
    "@esbuild/netbsd-x64":
      optional: true
    "@esbuild/openbsd-x64":
      optional: true
    "@esbuild/sunos-x64":
      optional: true
    "@esbuild/win32-arm64":
      optional: true
    "@esbuild/win32-ia32":
      optional: true
    "@esbuild/win32-x64":
      optional: true
  bin:
    esbuild: bin/esbuild
  checksum: ac11b1a5a6008e4e37ccffbd6c2c054746fc58d0ed4a2f9ee643bd030cfcea9a33a235087bc777def8420f2eaafb3486e76adb7bdb7241a9143b43a69a10afd8
  languageName: node
  linkType: hard

"vscode-glass@workspace:.":
  version: 0.0.0-use.local
  resolution: "vscode-glass@workspace:."
  dependencies:
    "@dqbd/tiktoken": "*"
    "@glass-lang/glasslib": "*"
    esbuild: ^0.17.19
    zod: "*"
  languageName: unknown
  linkType: soft

"zod@npm:*":
  version: 3.21.4
  resolution: "zod@npm:3.21.4"
  checksum: f185ba87342ff16f7a06686767c2b2a7af41110c7edf7c1974095d8db7a73792696bcb4a00853de0d2edeb34a5b2ea6a55871bc864227dace682a0a28de33e1f
  languageName: node
  linkType: hard
