# This file is generated by running "yarn install" inside your project.
# Manual changes might be lost - proceed with caution!

__metadata:
  version: 6
  cacheKey: 8

"@dqbd/tiktoken@npm:*":
  version: 1.0.7
  resolution: "@dqbd/tiktoken@npm:1.0.7"
  checksum: 81049797dcffa101c57b68a78be19b11958edf6e6cfffab7ccd3ec2e5290e3b27bc25f1060a1c34e1cb94f22e0f46d9aafa925d383fb4559738b644aa01c0fb1
  languageName: node
  linkType: hard

"vscode-glass@workspace:.":
  version: 0.0.0-use.local
  resolution: "vscode-glass@workspace:."
  dependencies:
    "@dqbd/tiktoken": "*"
  languageName: unknown
  linkType: soft
